
Microsoft Visual Studio Solution File, Format Version 12.00
# Visual Studio Version 17
VisualStudioVersion = 17.1.32319.34
MinimumVisualStudioVersion = 10.0.40219.1
Project("{FAE04EC0-301F-11D3-BF4B-00C04F79EFBC}") = "Console_Test_1", "Console_Test_1\Console_Test_1.csproj", "{32195408-94F5-4732-984E-FB83A2AD78D3}"
EndProject
Project("{FAE04EC0-301F-11D3-BF4B-00C04F79EFBC}") = "Types", "Types\Types.csproj", "{63E53D09-6AB8-4600-A913-C1543EFDA595}"
EndProject
Global
	GlobalSection(SolutionConfigurationPlatforms) = preSolution
		Debug|Any CPU = Debug|Any CPU
		Release|Any CPU = Release|Any CPU
	EndGlobalSection
	GlobalSection(ProjectConfigurationPlatforms) = postSolution
		{32195408-94F5-4732-984E-FB83A2AD78D3}.Debug|Any CPU.ActiveCfg = Debug|Any CPU
		{32195408-94F5-4732-984E-FB83A2AD78D3}.Debug|Any CPU.Build.0 = Debug|Any CPU
		{32195408-94F5-4732-984E-FB83A2AD78D3}.Release|Any CPU.ActiveCfg = Release|Any CPU
		{32195408-94F5-4732-984E-FB83A2AD78D3}.Release|Any CPU.Build.0 = Release|Any CPU
		{63E53D09-6AB8-4600-A913-C1543EFDA595}.Debug|Any CPU.ActiveCfg = Debug|Any CPU
		{63E53D09-6AB8-4600-A913-C1543EFDA595}.Debug|Any CPU.Build.0 = Debug|Any CPU
		{63E53D09-6AB8-4600-A913-C1543EFDA595}.Release|Any CPU.ActiveCfg = Release|Any CPU
		{63E53D09-6AB8-4600-A913-C1543EFDA595}.Release|Any CPU.Build.0 = Release|Any CPU
	EndGlobalSection
	GlobalSection(SolutionProperties) = preSolution
		HideSolutionNode = FALSE
	EndGlobalSection
	GlobalSection(ExtensibilityGlobals) = postSolution
		SolutionGuid = {F5B241C1-4672-4A74-AFB6-2FEBA673EDEE}
	EndGlobalSection
EndGlobal
